
Microsoft Visual Studio Solution File, Format Version 12.00
# Visual Studio Version 16
VisualStudioVersion = 16.0.29613.14
MinimumVisualStudioVersion = 10.0.40219.1
Project("{FAE04EC0-301F-11D3-BF4B-00C04F79EFBC}") = "SimpleStringСompression", "SimpleStringСompression\SimpleStringСompression.csproj", "{17B3492D-AFAD-449A-8B72-1567789F0178}"
EndProject
Project("{FAE04EC0-301F-11D3-BF4B-00C04F79EFBC}") = "SimpleStringCompression.BusinessLogic", "SimpleStringCompression.BusinessLogic\SimpleStringCompression.BusinessLogic.csproj", "{313CBB81-8A06-40B9-B23C-9DBE9AD679B9}"
EndProject
Project("{2150E333-8FDC-42A3-9474-1A3956D46DE8}") = "UnitTests", "UnitTests", "{49C4F774-64E3-4863-9875-D9BC84E0D9DD}"
EndProject
Project("{FAE04EC0-301F-11D3-BF4B-00C04F79EFBC}") = "SimpleStringСompression.BusinessLogicTests", "SimpleStringСompression.BusinessLogicTests\SimpleStringСompression.BusinessLogicTests.csproj", "{E053F2CC-29D2-4CDA-B306-6DB9261FD09A}"
EndProject
Project("{2150E333-8FDC-42A3-9474-1A3956D46DE8}") = "IntegrationTests", "IntegrationTests", "{4C365E32-2822-4A3F-A5BB-46EB6E8DC279}"
EndProject
Project("{FAE04EC0-301F-11D3-BF4B-00C04F79EFBC}") = "SimpleStringCompression.BusinessLogicIntegrationTests", "SimpleStringCompression.BusinessLogicIntegrationTests\SimpleStringCompression.BusinessLogicIntegrationTests.csproj", "{B46A742D-E5A8-46B3-847D-DE225549D003}"
EndProject
Project("{2150E333-8FDC-42A3-9474-1A3956D46DE8}") = "Solution Items", "Solution Items", "{AD214309-4E2C-4B0B-A6A4-26242B4FB06D}"
	ProjectSection(SolutionItems) = preProject
		.editorconfig = .editorconfig
	EndProjectSection
EndProject
Global
	GlobalSection(SolutionConfigurationPlatforms) = preSolution
		Debug|Any CPU = Debug|Any CPU
		Release|Any CPU = Release|Any CPU
	EndGlobalSection
	GlobalSection(ProjectConfigurationPlatforms) = postSolution
		{17B3492D-AFAD-449A-8B72-1567789F0178}.Debug|Any CPU.ActiveCfg = Debug|Any CPU
		{17B3492D-AFAD-449A-8B72-1567789F0178}.Debug|Any CPU.Build.0 = Debug|Any CPU
		{17B3492D-AFAD-449A-8B72-1567789F0178}.Release|Any CPU.ActiveCfg = Release|Any CPU
		{17B3492D-AFAD-449A-8B72-1567789F0178}.Release|Any CPU.Build.0 = Release|Any CPU
		{313CBB81-8A06-40B9-B23C-9DBE9AD679B9}.Debug|Any CPU.ActiveCfg = Debug|Any CPU
		{313CBB81-8A06-40B9-B23C-9DBE9AD679B9}.Debug|Any CPU.Build.0 = Debug|Any CPU
		{313CBB81-8A06-40B9-B23C-9DBE9AD679B9}.Release|Any CPU.ActiveCfg = Release|Any CPU
		{313CBB81-8A06-40B9-B23C-9DBE9AD679B9}.Release|Any CPU.Build.0 = Release|Any CPU
		{E053F2CC-29D2-4CDA-B306-6DB9261FD09A}.Debug|Any CPU.ActiveCfg = Debug|Any CPU
		{E053F2CC-29D2-4CDA-B306-6DB9261FD09A}.Debug|Any CPU.Build.0 = Debug|Any CPU
		{E053F2CC-29D2-4CDA-B306-6DB9261FD09A}.Release|Any CPU.ActiveCfg = Release|Any CPU
		{E053F2CC-29D2-4CDA-B306-6DB9261FD09A}.Release|Any CPU.Build.0 = Release|Any CPU
		{B46A742D-E5A8-46B3-847D-DE225549D003}.Debug|Any CPU.ActiveCfg = Debug|Any CPU
		{B46A742D-E5A8-46B3-847D-DE225549D003}.Debug|Any CPU.Build.0 = Debug|Any CPU
		{B46A742D-E5A8-46B3-847D-DE225549D003}.Release|Any CPU.ActiveCfg = Release|Any CPU
		{B46A742D-E5A8-46B3-847D-DE225549D003}.Release|Any CPU.Build.0 = Release|Any CPU
	EndGlobalSection
	GlobalSection(SolutionProperties) = preSolution
		HideSolutionNode = FALSE
	EndGlobalSection
	GlobalSection(NestedProjects) = preSolution
		{E053F2CC-29D2-4CDA-B306-6DB9261FD09A} = {49C4F774-64E3-4863-9875-D9BC84E0D9DD}
		{B46A742D-E5A8-46B3-847D-DE225549D003} = {4C365E32-2822-4A3F-A5BB-46EB6E8DC279}
	EndGlobalSection
	GlobalSection(ExtensibilityGlobals) = postSolution
		SolutionGuid = {CC85FA85-C0A5-4D69-9A9A-F009830A2BCD}
	EndGlobalSection
EndGlobal
